
Microsoft Visual Studio Solution File, Format Version 12.00
# Visual Studio 15
VisualStudioVersion = 15.0.27428.2037
MinimumVisualStudioVersion = 10.0.40219.1
Project("{FAE04EC0-301F-11D3-BF4B-00C04F79EFBC}") = "PatientData", "PatientData\PatientData.csproj", "{CDD25239-42F1-43F2-A76D-B3041078166B}"
EndProject
Project("{FAE04EC0-301F-11D3-BF4B-00C04F79EFBC}") = "CorsClient", "CorsClient\CorsClient.csproj", "{3E4C7230-70E6-4BA0-95F4-C6A25DF7FA71}"
EndProject
Global
	GlobalSection(SolutionConfigurationPlatforms) = preSolution
		Debug|Any CPU = Debug|Any CPU
		Release|Any CPU = Release|Any CPU
	EndGlobalSection
	GlobalSection(ProjectConfigurationPlatforms) = postSolution
		{CDD25239-42F1-43F2-A76D-B3041078166B}.Debug|Any CPU.ActiveCfg = Debug|Any CPU
		{CDD25239-42F1-43F2-A76D-B3041078166B}.Debug|Any CPU.Build.0 = Debug|Any CPU
		{CDD25239-42F1-43F2-A76D-B3041078166B}.Release|Any CPU.ActiveCfg = Release|Any CPU
		{CDD25239-42F1-43F2-A76D-B3041078166B}.Release|Any CPU.Build.0 = Release|Any CPU
		{3E4C7230-70E6-4BA0-95F4-C6A25DF7FA71}.Debug|Any CPU.ActiveCfg = Debug|Any CPU
		{3E4C7230-70E6-4BA0-95F4-C6A25DF7FA71}.Debug|Any CPU.Build.0 = Debug|Any CPU
		{3E4C7230-70E6-4BA0-95F4-C6A25DF7FA71}.Release|Any CPU.ActiveCfg = Release|Any CPU
		{3E4C7230-70E6-4BA0-95F4-C6A25DF7FA71}.Release|Any CPU.Build.0 = Release|Any CPU
	EndGlobalSection
	GlobalSection(SolutionProperties) = preSolution
		HideSolutionNode = FALSE
	EndGlobalSection
	GlobalSection(ExtensibilityGlobals) = postSolution
		SolutionGuid = {7809C11F-7912-4D49-887C-7B6C89707917}
	EndGlobalSection
EndGlobal
